
Microsoft Visual Studio Solution File, Format Version 12.00
# Visual Studio Version 16
VisualStudioVersion = 16.0.31205.134
MinimumVisualStudioVersion = 10.0.40219.1
Project("{FAE04EC0-301F-11D3-BF4B-00C04F79EFBC}") = "graphicDesigns", "graphicDesigns\graphicDesigns.csproj", "{2DD74138-896B-44E7-98E2-65D2604BB589}"
EndProject
Global
	GlobalSection(SolutionConfigurationPlatforms) = preSolution
		Debug|Any CPU = Debug|Any CPU
		Release|Any CPU = Release|Any CPU
	EndGlobalSection
	GlobalSection(ProjectConfigurationPlatforms) = postSolution
		{2DD74138-896B-44E7-98E2-65D2604BB589}.Debug|Any CPU.ActiveCfg = Debug|Any CPU
		{2DD74138-896B-44E7-98E2-65D2604BB589}.Debug|Any CPU.Build.0 = Debug|Any CPU
		{2DD74138-896B-44E7-98E2-65D2604BB589}.Release|Any CPU.ActiveCfg = Release|Any CPU
		{2DD74138-896B-44E7-98E2-65D2604BB589}.Release|Any CPU.Build.0 = Release|Any CPU
	EndGlobalSection
	GlobalSection(SolutionProperties) = preSolution
		HideSolutionNode = FALSE
	EndGlobalSection
	GlobalSection(ExtensibilityGlobals) = postSolution
		SolutionGuid = {56B7A06E-367C-43F5-8BB9-5055FA86D74F}
	EndGlobalSection
EndGlobal
